
Microsoft Visual Studio Solution File, Format Version 12.00
# Visual Studio Version 16
VisualStudioVersion = 16.0.28803.452
MinimumVisualStudioVersion = 10.0.40219.1
Project("{9A19103F-16F7-4668-BE54-9A1E7A4F7556}") = "DistanceCalculator", "DistanceCalculator\DistanceCalculator.csproj", "{CAE26996-472C-4BA5-BACA-74DB2E298EF7}"
EndProject
Project("{FAE04EC0-301F-11D3-BF4B-00C04F79EFBC}") = "DistanceCalculatorUnitTests", "DistanceCalculatorUnitTests\DistanceCalculatorUnitTests.csproj", "{C4C70371-DEA6-4386-BC99-9D3A0C1B7C98}"
EndProject
Global
	GlobalSection(SolutionConfigurationPlatforms) = preSolution
		Debug|Any CPU = Debug|Any CPU
		Release|Any CPU = Release|Any CPU
	EndGlobalSection
	GlobalSection(ProjectConfigurationPlatforms) = postSolution
		{CAE26996-472C-4BA5-BACA-74DB2E298EF7}.Debug|Any CPU.ActiveCfg = Debug|Any CPU
		{CAE26996-472C-4BA5-BACA-74DB2E298EF7}.Debug|Any CPU.Build.0 = Debug|Any CPU
		{CAE26996-472C-4BA5-BACA-74DB2E298EF7}.Release|Any CPU.ActiveCfg = Release|Any CPU
		{CAE26996-472C-4BA5-BACA-74DB2E298EF7}.Release|Any CPU.Build.0 = Release|Any CPU
		{C4C70371-DEA6-4386-BC99-9D3A0C1B7C98}.Debug|Any CPU.ActiveCfg = Debug|Any CPU
		{C4C70371-DEA6-4386-BC99-9D3A0C1B7C98}.Debug|Any CPU.Build.0 = Debug|Any CPU
		{C4C70371-DEA6-4386-BC99-9D3A0C1B7C98}.Release|Any CPU.ActiveCfg = Release|Any CPU
		{C4C70371-DEA6-4386-BC99-9D3A0C1B7C98}.Release|Any CPU.Build.0 = Release|Any CPU
	EndGlobalSection
	GlobalSection(SolutionProperties) = preSolution
		HideSolutionNode = FALSE
	EndGlobalSection
	GlobalSection(ExtensibilityGlobals) = postSolution
		SolutionGuid = {C9550DCB-2E0A-4CEE-AF4B-A4FE9F9A32D8}
	EndGlobalSection
EndGlobal
